
Microsoft Visual Studio Solution File, Format Version 12.00
# Visual Studio Version 17
VisualStudioVersion = 17.9.34607.119
MinimumVisualStudioVersion = 10.0.40219.1
Project("{FAE04EC0-301F-11D3-BF4B-00C04F79EFBC}") = "Presentacion", "121450010-Examen-2\Presentacion.csproj", "{BEA78831-A1B7-486B-8F23-256C69F9BBC8}"
EndProject
Project("{FAE04EC0-301F-11D3-BF4B-00C04F79EFBC}") = "Datos", "Datos\Datos.csproj", "{C650A4AF-1A7A-4448-9321-55CA9916710B}"
EndProject
Project("{FAE04EC0-301F-11D3-BF4B-00C04F79EFBC}") = "Negocio", "Negocio\Negocio.csproj", "{0DAD58D9-79EB-428A-947C-7FC9F3BC2F06}"
EndProject
Global
	GlobalSection(SolutionConfigurationPlatforms) = preSolution
		Debug|Any CPU = Debug|Any CPU
		Release|Any CPU = Release|Any CPU
	EndGlobalSection
	GlobalSection(ProjectConfigurationPlatforms) = postSolution
		{BEA78831-A1B7-486B-8F23-256C69F9BBC8}.Debug|Any CPU.ActiveCfg = Debug|Any CPU
		{BEA78831-A1B7-486B-8F23-256C69F9BBC8}.Debug|Any CPU.Build.0 = Debug|Any CPU
		{BEA78831-A1B7-486B-8F23-256C69F9BBC8}.Release|Any CPU.ActiveCfg = Release|Any CPU
		{BEA78831-A1B7-486B-8F23-256C69F9BBC8}.Release|Any CPU.Build.0 = Release|Any CPU
		{C650A4AF-1A7A-4448-9321-55CA9916710B}.Debug|Any CPU.ActiveCfg = Debug|Any CPU
		{C650A4AF-1A7A-4448-9321-55CA9916710B}.Debug|Any CPU.Build.0 = Debug|Any CPU
		{C650A4AF-1A7A-4448-9321-55CA9916710B}.Release|Any CPU.ActiveCfg = Release|Any CPU
		{C650A4AF-1A7A-4448-9321-55CA9916710B}.Release|Any CPU.Build.0 = Release|Any CPU
		{0DAD58D9-79EB-428A-947C-7FC9F3BC2F06}.Debug|Any CPU.ActiveCfg = Debug|Any CPU
		{0DAD58D9-79EB-428A-947C-7FC9F3BC2F06}.Debug|Any CPU.Build.0 = Debug|Any CPU
		{0DAD58D9-79EB-428A-947C-7FC9F3BC2F06}.Release|Any CPU.ActiveCfg = Release|Any CPU
		{0DAD58D9-79EB-428A-947C-7FC9F3BC2F06}.Release|Any CPU.Build.0 = Release|Any CPU
	EndGlobalSection
	GlobalSection(SolutionProperties) = preSolution
		HideSolutionNode = FALSE
	EndGlobalSection
	GlobalSection(ExtensibilityGlobals) = postSolution
		SolutionGuid = {EF791E25-6D02-4A9A-B94E-41429D7F8034}
	EndGlobalSection
EndGlobal
